
Microsoft Visual Studio Solution File, Format Version 12.00
# Visual Studio 15
VisualStudioVersion = 15.0.26124.0
MinimumVisualStudioVersion = 15.0.26124.0
Project("{F2A71F9B-5D33-465A-A702-920D77279786}") = "Berlino", "Berlino\Berlino.fsproj", "{7943FC66-DAD0-465C-BA1A-6322CF089EAA}"
EndProject
Project("{F2A71F9B-5D33-465A-A702-920D77279786}") = "Berlino.Tests", "Berlino.Tests\Berlino.Tests.fsproj", "{57A50618-89C1-4205-9AB1-A2FCEE11E502}"
EndProject
Project("{F2A71F9B-5D33-465A-A702-920D77279786}") = "FilterBuilder", "FilterBuilder\FilterBuilder.fsproj", "{4A407DE3-5FCC-4893-8840-0A44AAF86BD9}"
EndProject
Project("{F2A71F9B-5D33-465A-A702-920D77279786}") = "FilterBuilder.Tests", "FilterBuilder.Tests\FilterBuilder.Tests.fsproj", "{4FDC3EA4-5299-444A-9CED-B1B3223893C5}"
EndProject
Project("{2150E333-8FDC-42A3-9474-1A3956D46DE8}") = "Others", "Others", "{13E7742E-7D50-4D33-9C2A-9E1545244C91}"
	ProjectSection(SolutionItems) = preProject
		Directory.Packages.props = Directory.Packages.props
	EndProjectSection
EndProject
Project("{F2A71F9B-5D33-465A-A702-920D77279786}") = "FilterProvider", "FilterProvider\FilterProvider.fsproj", "{7BB701B2-7F59-41AC-B748-62374071BC40}"
EndProject
Global
	GlobalSection(SolutionConfigurationPlatforms) = preSolution
		Debug|Any CPU = Debug|Any CPU
		Debug|x64 = Debug|x64
		Debug|x86 = Debug|x86
		Release|Any CPU = Release|Any CPU
		Release|x64 = Release|x64
		Release|x86 = Release|x86
	EndGlobalSection
	GlobalSection(SolutionProperties) = preSolution
		HideSolutionNode = FALSE
	EndGlobalSection
	GlobalSection(ProjectConfigurationPlatforms) = postSolution
		{7943FC66-DAD0-465C-BA1A-6322CF089EAA}.Debug|Any CPU.ActiveCfg = Debug|Any CPU
		{7943FC66-DAD0-465C-BA1A-6322CF089EAA}.Debug|Any CPU.Build.0 = Debug|Any CPU
		{7943FC66-DAD0-465C-BA1A-6322CF089EAA}.Debug|x64.ActiveCfg = Debug|Any CPU
		{7943FC66-DAD0-465C-BA1A-6322CF089EAA}.Debug|x64.Build.0 = Debug|Any CPU
		{7943FC66-DAD0-465C-BA1A-6322CF089EAA}.Debug|x86.ActiveCfg = Debug|Any CPU
		{7943FC66-DAD0-465C-BA1A-6322CF089EAA}.Debug|x86.Build.0 = Debug|Any CPU
		{7943FC66-DAD0-465C-BA1A-6322CF089EAA}.Release|Any CPU.ActiveCfg = Release|Any CPU
		{7943FC66-DAD0-465C-BA1A-6322CF089EAA}.Release|Any CPU.Build.0 = Release|Any CPU
		{7943FC66-DAD0-465C-BA1A-6322CF089EAA}.Release|x64.ActiveCfg = Release|Any CPU
		{7943FC66-DAD0-465C-BA1A-6322CF089EAA}.Release|x64.Build.0 = Release|Any CPU
		{7943FC66-DAD0-465C-BA1A-6322CF089EAA}.Release|x86.ActiveCfg = Release|Any CPU
		{7943FC66-DAD0-465C-BA1A-6322CF089EAA}.Release|x86.Build.0 = Release|Any CPU
		{57A50618-89C1-4205-9AB1-A2FCEE11E502}.Debug|Any CPU.ActiveCfg = Debug|Any CPU
		{57A50618-89C1-4205-9AB1-A2FCEE11E502}.Debug|Any CPU.Build.0 = Debug|Any CPU
		{57A50618-89C1-4205-9AB1-A2FCEE11E502}.Debug|x64.ActiveCfg = Debug|Any CPU
		{57A50618-89C1-4205-9AB1-A2FCEE11E502}.Debug|x64.Build.0 = Debug|Any CPU
		{57A50618-89C1-4205-9AB1-A2FCEE11E502}.Debug|x86.ActiveCfg = Debug|Any CPU
		{57A50618-89C1-4205-9AB1-A2FCEE11E502}.Debug|x86.Build.0 = Debug|Any CPU
		{57A50618-89C1-4205-9AB1-A2FCEE11E502}.Release|Any CPU.ActiveCfg = Release|Any CPU
		{57A50618-89C1-4205-9AB1-A2FCEE11E502}.Release|Any CPU.Build.0 = Release|Any CPU
		{57A50618-89C1-4205-9AB1-A2FCEE11E502}.Release|x64.ActiveCfg = Release|Any CPU
		{57A50618-89C1-4205-9AB1-A2FCEE11E502}.Release|x64.Build.0 = Release|Any CPU
		{57A50618-89C1-4205-9AB1-A2FCEE11E502}.Release|x86.ActiveCfg = Release|Any CPU
		{57A50618-89C1-4205-9AB1-A2FCEE11E502}.Release|x86.Build.0 = Release|Any CPU
		{4A407DE3-5FCC-4893-8840-0A44AAF86BD9}.Debug|Any CPU.ActiveCfg = Debug|Any CPU
		{4A407DE3-5FCC-4893-8840-0A44AAF86BD9}.Debug|Any CPU.Build.0 = Debug|Any CPU
		{4A407DE3-5FCC-4893-8840-0A44AAF86BD9}.Debug|x64.ActiveCfg = Debug|Any CPU
		{4A407DE3-5FCC-4893-8840-0A44AAF86BD9}.Debug|x64.Build.0 = Debug|Any CPU
		{4A407DE3-5FCC-4893-8840-0A44AAF86BD9}.Debug|x86.ActiveCfg = Debug|Any CPU
		{4A407DE3-5FCC-4893-8840-0A44AAF86BD9}.Debug|x86.Build.0 = Debug|Any CPU
		{4A407DE3-5FCC-4893-8840-0A44AAF86BD9}.Release|Any CPU.ActiveCfg = Release|Any CPU
		{4A407DE3-5FCC-4893-8840-0A44AAF86BD9}.Release|Any CPU.Build.0 = Release|Any CPU
		{4A407DE3-5FCC-4893-8840-0A44AAF86BD9}.Release|x64.ActiveCfg = Release|Any CPU
		{4A407DE3-5FCC-4893-8840-0A44AAF86BD9}.Release|x64.Build.0 = Release|Any CPU
		{4A407DE3-5FCC-4893-8840-0A44AAF86BD9}.Release|x86.ActiveCfg = Release|Any CPU
		{4A407DE3-5FCC-4893-8840-0A44AAF86BD9}.Release|x86.Build.0 = Release|Any CPU
		{4FDC3EA4-5299-444A-9CED-B1B3223893C5}.Debug|Any CPU.ActiveCfg = Debug|Any CPU
		{4FDC3EA4-5299-444A-9CED-B1B3223893C5}.Debug|Any CPU.Build.0 = Debug|Any CPU
		{4FDC3EA4-5299-444A-9CED-B1B3223893C5}.Debug|x64.ActiveCfg = Debug|Any CPU
		{4FDC3EA4-5299-444A-9CED-B1B3223893C5}.Debug|x64.Build.0 = Debug|Any CPU
		{4FDC3EA4-5299-444A-9CED-B1B3223893C5}.Debug|x86.ActiveCfg = Debug|Any CPU
		{4FDC3EA4-5299-444A-9CED-B1B3223893C5}.Debug|x86.Build.0 = Debug|Any CPU
		{4FDC3EA4-5299-444A-9CED-B1B3223893C5}.Release|Any CPU.ActiveCfg = Release|Any CPU
		{4FDC3EA4-5299-444A-9CED-B1B3223893C5}.Release|Any CPU.Build.0 = Release|Any CPU
		{4FDC3EA4-5299-444A-9CED-B1B3223893C5}.Release|x64.ActiveCfg = Release|Any CPU
		{4FDC3EA4-5299-444A-9CED-B1B3223893C5}.Release|x64.Build.0 = Release|Any CPU
		{4FDC3EA4-5299-444A-9CED-B1B3223893C5}.Release|x86.ActiveCfg = Release|Any CPU
		{4FDC3EA4-5299-444A-9CED-B1B3223893C5}.Release|x86.Build.0 = Release|Any CPU
		{7BB701B2-7F59-41AC-B748-62374071BC40}.Debug|Any CPU.ActiveCfg = Debug|Any CPU
		{7BB701B2-7F59-41AC-B748-62374071BC40}.Debug|Any CPU.Build.0 = Debug|Any CPU
		{7BB701B2-7F59-41AC-B748-62374071BC40}.Debug|x64.ActiveCfg = Debug|Any CPU
		{7BB701B2-7F59-41AC-B748-62374071BC40}.Debug|x64.Build.0 = Debug|Any CPU
		{7BB701B2-7F59-41AC-B748-62374071BC40}.Debug|x86.ActiveCfg = Debug|Any CPU
		{7BB701B2-7F59-41AC-B748-62374071BC40}.Debug|x86.Build.0 = Debug|Any CPU
		{7BB701B2-7F59-41AC-B748-62374071BC40}.Release|Any CPU.ActiveCfg = Release|Any CPU
		{7BB701B2-7F59-41AC-B748-62374071BC40}.Release|Any CPU.Build.0 = Release|Any CPU
		{7BB701B2-7F59-41AC-B748-62374071BC40}.Release|x64.ActiveCfg = Release|Any CPU
		{7BB701B2-7F59-41AC-B748-62374071BC40}.Release|x64.Build.0 = Release|Any CPU
		{7BB701B2-7F59-41AC-B748-62374071BC40}.Release|x86.ActiveCfg = Release|Any CPU
		{7BB701B2-7F59-41AC-B748-62374071BC40}.Release|x86.Build.0 = Release|Any CPU
	EndGlobalSection
EndGlobal
